
Microsoft Visual Studio Solution File, Format Version 11.00
# Visual Studio 2010
Project("{FAE04EC0-301F-11D3-BF4B-00C04F79EFBC}") = "Assembly-CSharp", "Assembly-CSharp.csproj", "{aae25379-e9c9-4d7f-1bea-053c3eeabb57}"
EndProject
Project("{FAE04EC0-301F-11D3-BF4B-00C04F79EFBC}") = "Assembly-CSharp-Editor", "Assembly-CSharp-Editor.csproj", "{108902ef-945b-927e-9a6a-c29d29e078f8}"
EndProject
Global
	GlobalSection(SolutionConfigurationPlatforms) = preSolution
		Debug|Any CPU = Debug|Any CPU
	EndGlobalSection
	GlobalSection(ProjectConfigurationPlatforms) = postSolution
		{aae25379-e9c9-4d7f-1bea-053c3eeabb57}.Debug|Any CPU.ActiveCfg = Debug|Any CPU
		{aae25379-e9c9-4d7f-1bea-053c3eeabb57}.Debug|Any CPU.Build.0 = Debug|Any CPU
		{108902ef-945b-927e-9a6a-c29d29e078f8}.Debug|Any CPU.ActiveCfg = Debug|Any CPU
		{108902ef-945b-927e-9a6a-c29d29e078f8}.Debug|Any CPU.Build.0 = Debug|Any CPU
	EndGlobalSection
	GlobalSection(SolutionProperties) = preSolution
		HideSolutionNode = FALSE
	EndGlobalSection
EndGlobal
