
Microsoft Visual Studio Solution File, Format Version 11.00
# Visual Studio 2010
Project("{FAE04EC0-301F-11D3-BF4B-00C04F79EFBC}") = "Assembly-CSharp", "Assembly-CSharp.csproj", "{43e6a6c0-e6b1-f24a-7b02-f439299fe7a4}"
EndProject
Project("{FAE04EC0-301F-11D3-BF4B-00C04F79EFBC}") = "Assembly-CSharp-Editor", "Assembly-CSharp-Editor.csproj", "{31e481da-a3fc-2a1b-7ffa-cafb2419e18a}"
EndProject
Global
	GlobalSection(SolutionConfigurationPlatforms) = preSolution
		Debug|Any CPU = Debug|Any CPU
	EndGlobalSection
	GlobalSection(ProjectConfigurationPlatforms) = postSolution
		{43e6a6c0-e6b1-f24a-7b02-f439299fe7a4}.Debug|Any CPU.ActiveCfg = Debug|Any CPU
		{43e6a6c0-e6b1-f24a-7b02-f439299fe7a4}.Debug|Any CPU.Build.0 = Debug|Any CPU
		{31e481da-a3fc-2a1b-7ffa-cafb2419e18a}.Debug|Any CPU.ActiveCfg = Debug|Any CPU
		{31e481da-a3fc-2a1b-7ffa-cafb2419e18a}.Debug|Any CPU.Build.0 = Debug|Any CPU
	EndGlobalSection
	GlobalSection(SolutionProperties) = preSolution
		HideSolutionNode = FALSE
	EndGlobalSection
EndGlobal
